# This file is automatically @generated by Cargo.
# It is not intended for manual editing.
version = 4

[[package]]
name = "cranelift-assembler-x64-meta"
version = "0.130.1"
dependencies = [
 "cranelift-srcgen",
]

[[package]]
name = "cranelift-srcgen"
version = "0.130.1"
source = "registry+https://github.com/rust-lang/crates.io-index"
checksum = "ef53619d3cd5c78fd998c6d9420547af26b72e6456f94c2a8a2334cb76b42baa"
